
Microsoft Visual Studio Solution File, Format Version 12.00
# Visual Studio Version 17
VisualStudioVersion = 17.10.34928.147
MinimumVisualStudioVersion = 10.0.40219.1
Project("{FAE04EC0-301F-11D3-BF4B-00C04F79EFBC}") = "Students_HW_week1", "Students_HW_week1\Students_HW_week1.csproj", "{B87A1C3A-AA25-4E07-B68A-EEC9341AB68A}"
EndProject
Global
	GlobalSection(SolutionConfigurationPlatforms) = preSolution
		Debug|Any CPU = Debug|Any CPU
		Release|Any CPU = Release|Any CPU
	EndGlobalSection
	GlobalSection(ProjectConfigurationPlatforms) = postSolution
		{B87A1C3A-AA25-4E07-B68A-EEC9341AB68A}.Debug|Any CPU.ActiveCfg = Debug|Any CPU
		{B87A1C3A-AA25-4E07-B68A-EEC9341AB68A}.Debug|Any CPU.Build.0 = Debug|Any CPU
		{B87A1C3A-AA25-4E07-B68A-EEC9341AB68A}.Release|Any CPU.ActiveCfg = Release|Any CPU
		{B87A1C3A-AA25-4E07-B68A-EEC9341AB68A}.Release|Any CPU.Build.0 = Release|Any CPU
	EndGlobalSection
	GlobalSection(SolutionProperties) = preSolution
		HideSolutionNode = FALSE
	EndGlobalSection
	GlobalSection(ExtensibilityGlobals) = postSolution
		SolutionGuid = {C361D11C-5869-464D-A64F-1AF5FE152391}
	EndGlobalSection
EndGlobal
